Microsoft Visual Studio Solution File, Format Version 12.00
# Visual Studio Version 17
VisualStudioVersion = 17.5.2.0
MinimumVisualStudioVersion = 10.0.40219.1
Project("{FAE04EC0-301F-11D3-BF4B-00C04F79EFBC}") = "BilgeAriMVC", "BilgeAriMVC.csproj", "{FF9EE1C1-C8C4-39AC-CB21-0CE9FBA5865D}"
EndProject
Global
	GlobalSection(SolutionConfigurationPlatforms) = preSolution
		Debug|Any CPU = Debug|Any CPU
		Release|Any CPU = Release|Any CPU
	EndGlobalSection
	GlobalSection(ProjectConfigurationPlatforms) = postSolution
		{FF9EE1C1-C8C4-39AC-CB21-0CE9FBA5865D}.Debug|Any CPU.ActiveCfg = Debug|Any CPU
		{FF9EE1C1-C8C4-39AC-CB21-0CE9FBA5865D}.Debug|Any CPU.Build.0 = Debug|Any CPU
		{FF9EE1C1-C8C4-39AC-CB21-0CE9FBA5865D}.Release|Any CPU.ActiveCfg = Release|Any CPU
		{FF9EE1C1-C8C4-39AC-CB21-0CE9FBA5865D}.Release|Any CPU.Build.0 = Release|Any CPU
	EndGlobalSection
	GlobalSection(SolutionProperties) = preSolution
		HideSolutionNode = FALSE
	EndGlobalSection
	GlobalSection(ExtensibilityGlobals) = postSolution
		SolutionGuid = {6B822EAD-5937-4198-A894-C0EC45AD6E1B}
	EndGlobalSection
EndGlobal
